
Microsoft Visual Studio Solution File, Format Version 9.00
# Visual Studio 2005
Project("{8BC9CEB8-8B4A-11D0-8D11-00A0C91BC942}") = "loader", "loader\loader.vcproj", "{5882AC0C-CD12-4037-B1A1-BC3A2940283C}"
EndProject
Project("{8BC9CEB8-8B4A-11D0-8D11-00A0C91BC942}") = "fose_common", "fose_common\fose_common.vcproj", "{98BA2646-FE4E-4B4E-A98F-56C20F33B795}"
EndProject
Project("{8BC9CEB8-8B4A-11D0-8D11-00A0C91BC942}") = "common", "..\common\common.vcproj", "{20C6411C-596F-4B85-BE4E-8BC91F59D8A6}"
EndProject
Project("{8BC9CEB8-8B4A-11D0-8D11-00A0C91BC942}") = "fose", "fose\fose.vcproj", "{10C12070-C73B-4607-A702-1032F1FF6E2C}"
EndProject
Project("{8BC9CEB8-8B4A-11D0-8D11-00A0C91BC942}") = "fose_editor", "fose_editor\fose_editor.vcproj", "{36EA4C61-06F4-4CAF-8FB3-49A59CAD5797}"
EndProject
Global
	GlobalSection(SourceCodeControl) = preSolution
		SccNumberOfProjects = 6
		SccLocalPath0 = .
		SccProjectUniqueName1 = ..\\common\\common.vcproj
		SccLocalPath1 = ..\\common
		SccProjectUniqueName2 = fose\\fose.vcproj
		SccLocalPath2 = .
		SccProjectFilePathRelativizedFromConnection2 = fose\\
		SccProjectUniqueName3 = fose_common\\fose_common.vcproj
		SccLocalPath3 = .
		SccProjectFilePathRelativizedFromConnection3 = fose_common\\
		SccProjectUniqueName4 = loader\\loader.vcproj
		SccLocalPath4 = .
		SccProjectFilePathRelativizedFromConnection4 = loader\\
		SccProjectUniqueName5 = fose_editor\\fose_editor.vcproj
		SccLocalPath5 = .
		SccProjectFilePathRelativizedFromConnection5 = fose_editor\\
	EndGlobalSection
	GlobalSection(SolutionConfigurationPlatforms) = preSolution
		Debug 1.0.0.15|Win32 = Debug 1.0.0.15|Win32
		Debug 1.4.0.6|Win32 = Debug 1.4.0.6|Win32
		Debug 1.4.0.6b|Win32 = Debug 1.4.0.6b|Win32
		Debug 1.5.0.22|Win32 = Debug 1.5.0.22|Win32
		Debug 1.6.0.3|Win32 = Debug 1.6.0.3|Win32
		Debug 1.7.0.3 ng|Win32 = Debug 1.7.0.3 ng|Win32
		Debug 1.7.0.3|Win32 = Debug 1.7.0.3|Win32
		Debug|Win32 = Debug|Win32
		Release 1.0.0.15|Win32 = Release 1.0.0.15|Win32
		Release 1.4.0.6|Win32 = Release 1.4.0.6|Win32
		Release 1.4.0.6b|Win32 = Release 1.4.0.6b|Win32
		Release 1.5.0.22|Win32 = Release 1.5.0.22|Win32
		Release 1.6.0.3|Win32 = Release 1.6.0.3|Win32
		Release 1.7.0.3 ng|Win32 = Release 1.7.0.3 ng|Win32
		Release 1.7.0.3|Win32 = Release 1.7.0.3|Win32
		Release|Win32 = Release|Win32
	EndGlobalSection
	GlobalSection(ProjectConfigurationPlatforms) = postSolution
		{5882AC0C-CD12-4037-B1A1-BC3A2940283C}.Debug 1.0.0.15|Win32.ActiveCfg = Debug|Win32
		{5882AC0C-CD12-4037-B1A1-BC3A2940283C}.Debug 1.0.0.15|Win32.Build.0 = Debug|Win32
		{5882AC0C-CD12-4037-B1A1-BC3A2940283C}.Debug 1.4.0.6|Win32.ActiveCfg = Debug|Win32
		{5882AC0C-CD12-4037-B1A1-BC3A2940283C}.Debug 1.4.0.6|Win32.Build.0 = Debug|Win32
		{5882AC0C-CD12-4037-B1A1-BC3A2940283C}.Debug 1.4.0.6b|Win32.ActiveCfg = Debug|Win32
		{5882AC0C-CD12-4037-B1A1-BC3A2940283C}.Debug 1.4.0.6b|Win32.Build.0 = Debug|Win32
		{5882AC0C-CD12-4037-B1A1-BC3A2940283C}.Debug 1.5.0.22|Win32.ActiveCfg = Debug|Win32
		{5882AC0C-CD12-4037-B1A1-BC3A2940283C}.Debug 1.5.0.22|Win32.Build.0 = Debug|Win32
		{5882AC0C-CD12-4037-B1A1-BC3A2940283C}.Debug 1.6.0.3|Win32.ActiveCfg = Debug|Win32
		{5882AC0C-CD12-4037-B1A1-BC3A2940283C}.Debug 1.6.0.3|Win32.Build.0 = Debug|Win32
		{5882AC0C-CD12-4037-B1A1-BC3A2940283C}.Debug 1.7.0.3 ng|Win32.ActiveCfg = Debug|Win32
		{5882AC0C-CD12-4037-B1A1-BC3A2940283C}.Debug 1.7.0.3 ng|Win32.Build.0 = Debug|Win32
		{5882AC0C-CD12-4037-B1A1-BC3A2940283C}.Debug 1.7.0.3|Win32.ActiveCfg = Debug|Win32
		{5882AC0C-CD12-4037-B1A1-BC3A2940283C}.Debug 1.7.0.3|Win32.Build.0 = Debug|Win32
		{5882AC0C-CD12-4037-B1A1-BC3A2940283C}.Debug|Win32.ActiveCfg = Debug|Win32
		{5882AC0C-CD12-4037-B1A1-BC3A2940283C}.Debug|Win32.Build.0 = Debug|Win32
		{5882AC0C-CD12-4037-B1A1-BC3A2940283C}.Release 1.0.0.15|Win32.ActiveCfg = Release|Win32
		{5882AC0C-CD12-4037-B1A1-BC3A2940283C}.Release 1.0.0.15|Win32.Build.0 = Release|Win32
		{5882AC0C-CD12-4037-B1A1-BC3A2940283C}.Release 1.4.0.6|Win32.ActiveCfg = Release|Win32
		{5882AC0C-CD12-4037-B1A1-BC3A2940283C}.Release 1.4.0.6|Win32.Build.0 = Release|Win32
		{5882AC0C-CD12-4037-B1A1-BC3A2940283C}.Release 1.4.0.6b|Win32.ActiveCfg = Release|Win32
		{5882AC0C-CD12-4037-B1A1-BC3A2940283C}.Release 1.4.0.6b|Win32.Build.0 = Release|Win32
		{5882AC0C-CD12-4037-B1A1-BC3A2940283C}.Release 1.5.0.22|Win32.ActiveCfg = Release|Win32
		{5882AC0C-CD12-4037-B1A1-BC3A2940283C}.Release 1.5.0.22|Win32.Build.0 = Release|Win32
		{5882AC0C-CD12-4037-B1A1-BC3A2940283C}.Release 1.6.0.3|Win32.ActiveCfg = Release|Win32
		{5882AC0C-CD12-4037-B1A1-BC3A2940283C}.Release 1.6.0.3|Win32.Build.0 = Release|Win32
		{5882AC0C-CD12-4037-B1A1-BC3A2940283C}.Release 1.7.0.3 ng|Win32.ActiveCfg = Release|Win32
		{5882AC0C-CD12-4037-B1A1-BC3A2940283C}.Release 1.7.0.3 ng|Win32.Build.0 = Release|Win32
		{5882AC0C-CD12-4037-B1A1-BC3A2940283C}.Release 1.7.0.3|Win32.ActiveCfg = Release|Win32
		{5882AC0C-CD12-4037-B1A1-BC3A2940283C}.Release 1.7.0.3|Win32.Build.0 = Release|Win32
		{5882AC0C-CD12-4037-B1A1-BC3A2940283C}.Release|Win32.ActiveCfg = Release|Win32
		{5882AC0C-CD12-4037-B1A1-BC3A2940283C}.Release|Win32.Build.0 = Release|Win32
		{98BA2646-FE4E-4B4E-A98F-56C20F33B795}.Debug 1.0.0.15|Win32.ActiveCfg = Debug|Win32
		{98BA2646-FE4E-4B4E-A98F-56C20F33B795}.Debug 1.0.0.15|Win32.Build.0 = Debug|Win32
		{98BA2646-FE4E-4B4E-A98F-56C20F33B795}.Debug 1.4.0.6|Win32.ActiveCfg = Debug|Win32
		{98BA2646-FE4E-4B4E-A98F-56C20F33B795}.Debug 1.4.0.6|Win32.Build.0 = Debug|Win32
		{98BA2646-FE4E-4B4E-A98F-56C20F33B795}.Debug 1.4.0.6b|Win32.ActiveCfg = Debug|Win32
		{98BA2646-FE4E-4B4E-A98F-56C20F33B795}.Debug 1.4.0.6b|Win32.Build.0 = Debug|Win32
		{98BA2646-FE4E-4B4E-A98F-56C20F33B795}.Debug 1.5.0.22|Win32.ActiveCfg = Debug|Win32
		{98BA2646-FE4E-4B4E-A98F-56C20F33B795}.Debug 1.5.0.22|Win32.Build.0 = Debug|Win32
		{98BA2646-FE4E-4B4E-A98F-56C20F33B795}.Debug 1.6.0.3|Win32.ActiveCfg = Debug|Win32
		{98BA2646-FE4E-4B4E-A98F-56C20F33B795}.Debug 1.6.0.3|Win32.Build.0 = Debug|Win32
		{98BA2646-FE4E-4B4E-A98F-56C20F33B795}.Debug 1.7.0.3 ng|Win32.ActiveCfg = Debug|Win32
		{98BA2646-FE4E-4B4E-A98F-56C20F33B795}.Debug 1.7.0.3 ng|Win32.Build.0 = Debug|Win32
		{98BA2646-FE4E-4B4E-A98F-56C20F33B795}.Debug 1.7.0.3|Win32.ActiveCfg = Debug|Win32
		{98BA2646-FE4E-4B4E-A98F-56C20F33B795}.Debug 1.7.0.3|Win32.Build.0 = Debug|Win32
		{98BA2646-FE4E-4B4E-A98F-56C20F33B795}.Debug|Win32.ActiveCfg = Debug|Win32
		{98BA2646-FE4E-4B4E-A98F-56C20F33B795}.Debug|Win32.Build.0 = Debug|Win32
		{98BA2646-FE4E-4B4E-A98F-56C20F33B795}.Release 1.0.0.15|Win32.ActiveCfg = Release|Win32
		{98BA2646-FE4E-4B4E-A98F-56C20F33B795}.Release 1.0.0.15|Win32.Build.0 = Release|Win32
		{98BA2646-FE4E-4B4E-A98F-56C20F33B795}.Release 1.4.0.6|Win32.ActiveCfg = Release|Win32
		{98BA2646-FE4E-4B4E-A98F-56C20F33B795}.Release 1.4.0.6|Win32.Build.0 = Release|Win32
		{98BA2646-FE4E-4B4E-A98F-56C20F33B795}.Release 1.4.0.6b|Win32.ActiveCfg = Release|Win32
		{98BA2646-FE4E-4B4E-A98F-56C20F33B795}.Release 1.4.0.6b|Win32.Build.0 = Release|Win32
		{98BA2646-FE4E-4B4E-A98F-56C20F33B795}.Release 1.5.0.22|Win32.ActiveCfg = Release|Win32
		{98BA2646-FE4E-4B4E-A98F-56C20F33B795}.Release 1.5.0.22|Win32.Build.0 = Release|Win32
		{98BA2646-FE4E-4B4E-A98F-56C20F33B795}.Release 1.6.0.3|Win32.ActiveCfg = Release|Win32
		{98BA2646-FE4E-4B4E-A98F-56C20F33B795}.Release 1.6.0.3|Win32.Build.0 = Release|Win32
		{98BA2646-FE4E-4B4E-A98F-56C20F33B795}.Release 1.7.0.3 ng|Win32.ActiveCfg = Release|Win32
		{98BA2646-FE4E-4B4E-A98F-56C20F33B795}.Release 1.7.0.3 ng|Win32.Build.0 = Release|Win32
		{98BA2646-FE4E-4B4E-A98F-56C20F33B795}.Release 1.7.0.3|Win32.ActiveCfg = Release|Win32
		{98BA2646-FE4E-4B4E-A98F-56C20F33B795}.Release 1.7.0.3|Win32.Build.0 = Release|Win32
		{98BA2646-FE4E-4B4E-A98F-56C20F33B795}.Release|Win32.ActiveCfg = Release|Win32
		{98BA2646-FE4E-4B4E-A98F-56C20F33B795}.Release|Win32.Build.0 = Release|Win32
		{20C6411C-596F-4B85-BE4E-8BC91F59D8A6}.Debug 1.0.0.15|Win32.ActiveCfg = Debug|Win32
		{20C6411C-596F-4B85-BE4E-8BC91F59D8A6}.Debug 1.0.0.15|Win32.Build.0 = Debug|Win32
		{20C6411C-596F-4B85-BE4E-8BC91F59D8A6}.Debug 1.4.0.6|Win32.ActiveCfg = Debug|Win32
		{20C6411C-596F-4B85-BE4E-8BC91F59D8A6}.Debug 1.4.0.6|Win32.Build.0 = Debug|Win32
		{20C6411C-596F-4B85-BE4E-8BC91F59D8A6}.Debug 1.4.0.6b|Win32.ActiveCfg = Debug|Win32
		{20C6411C-596F-4B85-BE4E-8BC91F59D8A6}.Debug 1.4.0.6b|Win32.Build.0 = Debug|Win32
		{20C6411C-596F-4B85-BE4E-8BC91F59D8A6}.Debug 1.5.0.22|Win32.ActiveCfg = Debug|Win32
		{20C6411C-596F-4B85-BE4E-8BC91F59D8A6}.Debug 1.5.0.22|Win32.Build.0 = Debug|Win32
		{20C6411C-596F-4B85-BE4E-8BC91F59D8A6}.Debug 1.6.0.3|Win32.ActiveCfg = Debug|Win32
		{20C6411C-596F-4B85-BE4E-8BC91F59D8A6}.Debug 1.6.0.3|Win32.Build.0 = Debug|Win32
		{20C6411C-596F-4B85-BE4E-8BC91F59D8A6}.Debug 1.7.0.3 ng|Win32.ActiveCfg = Debug|Win32
		{20C6411C-596F-4B85-BE4E-8BC91F59D8A6}.Debug 1.7.0.3 ng|Win32.Build.0 = Debug|Win32
		{20C6411C-596F-4B85-BE4E-8BC91F59D8A6}.Debug 1.7.0.3|Win32.ActiveCfg = Debug|Win32
		{20C6411C-596F-4B85-BE4E-8BC91F59D8A6}.Debug 1.7.0.3|Win32.Build.0 = Debug|Win32
		{20C6411C-596F-4B85-BE4E-8BC91F59D8A6}.Debug|Win32.ActiveCfg = Debug|Win32
		{20C6411C-596F-4B85-BE4E-8BC91F59D8A6}.Debug|Win32.Build.0 = Debug|Win32
		{20C6411C-596F-4B85-BE4E-8BC91F59D8A6}.Release 1.0.0.15|Win32.ActiveCfg = Release|Win32
		{20C6411C-596F-4B85-BE4E-8BC91F59D8A6}.Release 1.0.0.15|Win32.Build.0 = Release|Win32
		{20C6411C-596F-4B85-BE4E-8BC91F59D8A6}.Release 1.4.0.6|Win32.ActiveCfg = Release|Win32
		{20C6411C-596F-4B85-BE4E-8BC91F59D8A6}.Release 1.4.0.6|Win32.Build.0 = Release|Win32
		{20C6411C-596F-4B85-BE4E-8BC91F59D8A6}.Release 1.4.0.6b|Win32.ActiveCfg = Release|Win32
		{20C6411C-596F-4B85-BE4E-8BC91F59D8A6}.Release 1.4.0.6b|Win32.Build.0 = Release|Win32
		{20C6411C-596F-4B85-BE4E-8BC91F59D8A6}.Release 1.5.0.22|Win32.ActiveCfg = Release|Win32
		{20C6411C-596F-4B85-BE4E-8BC91F59D8A6}.Release 1.5.0.22|Win32.Build.0 = Release|Win32
		{20C6411C-596F-4B85-BE4E-8BC91F59D8A6}.Release 1.6.0.3|Win32.ActiveCfg = Release|Win32
		{20C6411C-596F-4B85-BE4E-8BC91F59D8A6}.Release 1.6.0.3|Win32.Build.0 = Release|Win32
		{20C6411C-596F-4B85-BE4E-8BC91F59D8A6}.Release 1.7.0.3 ng|Win32.ActiveCfg = Release|Win32
		{20C6411C-596F-4B85-BE4E-8BC91F59D8A6}.Release 1.7.0.3 ng|Win32.Build.0 = Release|Win32
		{20C6411C-596F-4B85-BE4E-8BC91F59D8A6}.Release 1.7.0.3|Win32.ActiveCfg = Release|Win32
		{20C6411C-596F-4B85-BE4E-8BC91F59D8A6}.Release 1.7.0.3|Win32.Build.0 = Release|Win32
		{20C6411C-596F-4B85-BE4E-8BC91F59D8A6}.Release|Win32.ActiveCfg = Release|Win32
		{20C6411C-596F-4B85-BE4E-8BC91F59D8A6}.Release|Win32.Build.0 = Release|Win32
		{10C12070-C73B-4607-A702-1032F1FF6E2C}.Debug 1.0.0.15|Win32.ActiveCfg = Debug 1.0.0.15|Win32
		{10C12070-C73B-4607-A702-1032F1FF6E2C}.Debug 1.0.0.15|Win32.Build.0 = Debug 1.0.0.15|Win32
		{10C12070-C73B-4607-A702-1032F1FF6E2C}.Debug 1.4.0.6|Win32.ActiveCfg = Debug 1.4.0.6|Win32
		{10C12070-C73B-4607-A702-1032F1FF6E2C}.Debug 1.4.0.6|Win32.Build.0 = Debug 1.4.0.6|Win32
		{10C12070-C73B-4607-A702-1032F1FF6E2C}.Debug 1.4.0.6b|Win32.ActiveCfg = Debug 1.4.0.6b|Win32
		{10C12070-C73B-4607-A702-1032F1FF6E2C}.Debug 1.4.0.6b|Win32.Build.0 = Debug 1.4.0.6b|Win32
		{10C12070-C73B-4607-A702-1032F1FF6E2C}.Debug 1.5.0.22|Win32.ActiveCfg = Debug 1.5.0.22|Win32
		{10C12070-C73B-4607-A702-1032F1FF6E2C}.Debug 1.5.0.22|Win32.Build.0 = Debug 1.5.0.22|Win32
		{10C12070-C73B-4607-A702-1032F1FF6E2C}.Debug 1.6.0.3|Win32.ActiveCfg = Debug 1.6.0.3|Win32
		{10C12070-C73B-4607-A702-1032F1FF6E2C}.Debug 1.6.0.3|Win32.Build.0 = Debug 1.6.0.3|Win32
		{10C12070-C73B-4607-A702-1032F1FF6E2C}.Debug 1.7.0.3 ng|Win32.ActiveCfg = Debug 1.7.0.3 ng|Win32
		{10C12070-C73B-4607-A702-1032F1FF6E2C}.Debug 1.7.0.3 ng|Win32.Build.0 = Debug 1.7.0.3 ng|Win32
		{10C12070-C73B-4607-A702-1032F1FF6E2C}.Debug 1.7.0.3|Win32.ActiveCfg = Debug 1.7.0.3|Win32
		{10C12070-C73B-4607-A702-1032F1FF6E2C}.Debug 1.7.0.3|Win32.Build.0 = Debug 1.7.0.3|Win32
		{10C12070-C73B-4607-A702-1032F1FF6E2C}.Debug|Win32.ActiveCfg = Debug|Win32
		{10C12070-C73B-4607-A702-1032F1FF6E2C}.Debug|Win32.Build.0 = Debug|Win32
		{10C12070-C73B-4607-A702-1032F1FF6E2C}.Release 1.0.0.15|Win32.ActiveCfg = Release 1.0.0.15|Win32
		{10C12070-C73B-4607-A702-1032F1FF6E2C}.Release 1.0.0.15|Win32.Build.0 = Release 1.0.0.15|Win32
		{10C12070-C73B-4607-A702-1032F1FF6E2C}.Release 1.4.0.6|Win32.ActiveCfg = Release 1.4.0.6|Win32
		{10C12070-C73B-4607-A702-1032F1FF6E2C}.Release 1.4.0.6|Win32.Build.0 = Release 1.4.0.6|Win32
		{10C12070-C73B-4607-A702-1032F1FF6E2C}.Release 1.4.0.6b|Win32.ActiveCfg = Release 1.4.0.6b|Win32
		{10C12070-C73B-4607-A702-1032F1FF6E2C}.Release 1.4.0.6b|Win32.Build.0 = Release 1.4.0.6b|Win32
		{10C12070-C73B-4607-A702-1032F1FF6E2C}.Release 1.5.0.22|Win32.ActiveCfg = Release 1.5.0.22|Win32
		{10C12070-C73B-4607-A702-1032F1FF6E2C}.Release 1.5.0.22|Win32.Build.0 = Release 1.5.0.22|Win32
		{10C12070-C73B-4607-A702-1032F1FF6E2C}.Release 1.6.0.3|Win32.ActiveCfg = Release 1.6.0.3|Win32
		{10C12070-C73B-4607-A702-1032F1FF6E2C}.Release 1.6.0.3|Win32.Build.0 = Release 1.6.0.3|Win32
		{10C12070-C73B-4607-A702-1032F1FF6E2C}.Release 1.7.0.3 ng|Win32.ActiveCfg = Release 1.7.0.3 ng|Win32
		{10C12070-C73B-4607-A702-1032F1FF6E2C}.Release 1.7.0.3 ng|Win32.Build.0 = Release 1.7.0.3 ng|Win32
		{10C12070-C73B-4607-A702-1032F1FF6E2C}.Release 1.7.0.3|Win32.ActiveCfg = Release 1.7.0.3|Win32
		{10C12070-C73B-4607-A702-1032F1FF6E2C}.Release 1.7.0.3|Win32.Build.0 = Release 1.7.0.3|Win32
		{10C12070-C73B-4607-A702-1032F1FF6E2C}.Release|Win32.ActiveCfg = Release|Win32
		{10C12070-C73B-4607-A702-1032F1FF6E2C}.Release|Win32.Build.0 = Release|Win32
		{36EA4C61-06F4-4CAF-8FB3-49A59CAD5797}.Debug 1.0.0.15|Win32.ActiveCfg = Debug|Win32
		{36EA4C61-06F4-4CAF-8FB3-49A59CAD5797}.Debug 1.0.0.15|Win32.Build.0 = Debug|Win32
		{36EA4C61-06F4-4CAF-8FB3-49A59CAD5797}.Debug 1.4.0.6|Win32.ActiveCfg = Debug|Win32
		{36EA4C61-06F4-4CAF-8FB3-49A59CAD5797}.Debug 1.4.0.6|Win32.Build.0 = Debug|Win32
		{36EA4C61-06F4-4CAF-8FB3-49A59CAD5797}.Debug 1.4.0.6b|Win32.ActiveCfg = Debug|Win32
		{36EA4C61-06F4-4CAF-8FB3-49A59CAD5797}.Debug 1.4.0.6b|Win32.Build.0 = Debug|Win32
		{36EA4C61-06F4-4CAF-8FB3-49A59CAD5797}.Debug 1.5.0.22|Win32.ActiveCfg = Debug 1.5.0.19|Win32
		{36EA4C61-06F4-4CAF-8FB3-49A59CAD5797}.Debug 1.5.0.22|Win32.Build.0 = Debug 1.5.0.19|Win32
		{36EA4C61-06F4-4CAF-8FB3-49A59CAD5797}.Debug 1.6.0.3|Win32.ActiveCfg = Debug 1.5.0.19|Win32
		{36EA4C61-06F4-4CAF-8FB3-49A59CAD5797}.Debug 1.6.0.3|Win32.Build.0 = Debug 1.5.0.19|Win32
		{36EA4C61-06F4-4CAF-8FB3-49A59CAD5797}.Debug 1.7.0.3 ng|Win32.ActiveCfg = Debug 1.5.0.19|Win32
		{36EA4C61-06F4-4CAF-8FB3-49A59CAD5797}.Debug 1.7.0.3 ng|Win32.Build.0 = Debug 1.5.0.19|Win32
		{36EA4C61-06F4-4CAF-8FB3-49A59CAD5797}.Debug 1.7.0.3|Win32.ActiveCfg = Debug 1.5.0.19|Win32
		{36EA4C61-06F4-4CAF-8FB3-49A59CAD5797}.Debug 1.7.0.3|Win32.Build.0 = Debug 1.5.0.19|Win32
		{36EA4C61-06F4-4CAF-8FB3-49A59CAD5797}.Debug|Win32.ActiveCfg = Debug|Win32
		{36EA4C61-06F4-4CAF-8FB3-49A59CAD5797}.Debug|Win32.Build.0 = Debug|Win32
		{36EA4C61-06F4-4CAF-8FB3-49A59CAD5797}.Release 1.0.0.15|Win32.ActiveCfg = Release|Win32
		{36EA4C61-06F4-4CAF-8FB3-49A59CAD5797}.Release 1.0.0.15|Win32.Build.0 = Release|Win32
		{36EA4C61-06F4-4CAF-8FB3-49A59CAD5797}.Release 1.4.0.6|Win32.ActiveCfg = Release|Win32
		{36EA4C61-06F4-4CAF-8FB3-49A59CAD5797}.Release 1.4.0.6|Win32.Build.0 = Release|Win32
		{36EA4C61-06F4-4CAF-8FB3-49A59CAD5797}.Release 1.4.0.6b|Win32.ActiveCfg = Release|Win32
		{36EA4C61-06F4-4CAF-8FB3-49A59CAD5797}.Release 1.4.0.6b|Win32.Build.0 = Release|Win32
		{36EA4C61-06F4-4CAF-8FB3-49A59CAD5797}.Release 1.5.0.22|Win32.ActiveCfg = Release 1.5.0.19|Win32
		{36EA4C61-06F4-4CAF-8FB3-49A59CAD5797}.Release 1.5.0.22|Win32.Build.0 = Release 1.5.0.19|Win32
		{36EA4C61-06F4-4CAF-8FB3-49A59CAD5797}.Release 1.6.0.3|Win32.ActiveCfg = Release 1.5.0.19|Win32
		{36EA4C61-06F4-4CAF-8FB3-49A59CAD5797}.Release 1.6.0.3|Win32.Build.0 = Release 1.5.0.19|Win32
		{36EA4C61-06F4-4CAF-8FB3-49A59CAD5797}.Release 1.7.0.3 ng|Win32.ActiveCfg = Release|Win32
		{36EA4C61-06F4-4CAF-8FB3-49A59CAD5797}.Release 1.7.0.3 ng|Win32.Build.0 = Release|Win32
		{36EA4C61-06F4-4CAF-8FB3-49A59CAD5797}.Release 1.7.0.3|Win32.ActiveCfg = Release|Win32
		{36EA4C61-06F4-4CAF-8FB3-49A59CAD5797}.Release 1.7.0.3|Win32.Build.0 = Release|Win32
		{36EA4C61-06F4-4CAF-8FB3-49A59CAD5797}.Release|Win32.ActiveCfg = Release|Win32
		{36EA4C61-06F4-4CAF-8FB3-49A59CAD5797}.Release|Win32.Build.0 = Release|Win32
	EndGlobalSection
	GlobalSection(SolutionProperties) = preSolution
		HideSolutionNode = FALSE
	EndGlobalSection
EndGlobal
